// !$*UTF8*$!
{
	archiveVersion = 1;
	classes = {
	};
	objectVersion = 56;
	objects = {

/* Begin PBXBuildFile section */
		3D5E89272AEF137D00C74079 /* KeyboardAdaptive.swift in Sources */ = {isa = PBXBuildFile; fileRef = 3D5E89262AEF137D00C74079 /* KeyboardAdaptive.swift */; };
		7F1890132AEFF99E0099539B /* MainView.swift in Sources */ = {isa = PBXBuildFile; fileRef = 7F1890122AEFF99E0099539B /* MainView.swift */; };
		A31484532AF4604A00A81A4A /* TestingView.swift in Sources */ = {isa = PBXBuildFile; fileRef = A31484522AF4604A00A81A4A /* TestingView.swift */; };
		A320061B2B129509003E3ECA /* AuthenticationView.swift in Sources */ = {isa = PBXBuildFile; fileRef = A320061A2B129509003E3ECA /* AuthenticationView.swift */; };
		A320061D2B12A85A003E3ECA /* Errors.swift in Sources */ = {isa = PBXBuildFile; fileRef = A320061C2B12A85A003E3ECA /* Errors.swift */; };
		A382322A2AE1AE6D003DB59D /* FirebaseAnalytics in Frameworks */ = {isa = PBXBuildFile; productRef = A38232292AE1AE6D003DB59D /* FirebaseAnalytics */; };
		A382322C2AE1AE6D003DB59D /* FirebaseAnalyticsOnDeviceConversion in Frameworks */ = {isa = PBXBuildFile; productRef = A382322B2AE1AE6D003DB59D /* FirebaseAnalyticsOnDeviceConversion */; };
		A382322E2AE1AE6D003DB59D /* FirebaseAnalyticsSwift in Frameworks */ = {isa = PBXBuildFile; productRef = A382322D2AE1AE6D003DB59D /* FirebaseAnalyticsSwift */; };
		A38232302AE1AE6D003DB59D /* FirebaseAnalyticsWithoutAdIdSupport in Frameworks */ = {isa = PBXBuildFile; productRef = A382322F2AE1AE6D003DB59D /* FirebaseAnalyticsWithoutAdIdSupport */; };
		A38232322AE1AE6D003DB59D /* FirebaseAppCheck in Frameworks */ = {isa = PBXBuildFile; productRef = A38232312AE1AE6D003DB59D /* FirebaseAppCheck */; };
		A38232342AE1AE6D003DB59D /* FirebaseAppDistribution-Beta in Frameworks */ = {isa = PBXBuildFile; productRef = A38232332AE1AE6D003DB59D /* FirebaseAppDistribution-Beta */; };
		A38232362AE1AE6D003DB59D /* FirebaseAuth in Frameworks */ = {isa = PBXBuildFile; productRef = A38232352AE1AE6D003DB59D /* FirebaseAuth */; };
		A38232382AE1AE6D003DB59D /* FirebaseAuthCombine-Community in Frameworks */ = {isa = PBXBuildFile; productRef = A38232372AE1AE6D003DB59D /* FirebaseAuthCombine-Community */; };
		A382323A2AE1AE6D003DB59D /* FirebaseCrashlytics in Frameworks */ = {isa = PBXBuildFile; productRef = A38232392AE1AE6D003DB59D /* FirebaseCrashlytics */; };
		A382323C2AE1AE6D003DB59D /* FirebaseDatabase in Frameworks */ = {isa = PBXBuildFile; productRef = A382323B2AE1AE6D003DB59D /* FirebaseDatabase */; };
		A382323E2AE1AE6D003DB59D /* FirebaseDatabaseSwift in Frameworks */ = {isa = PBXBuildFile; productRef = A382323D2AE1AE6D003DB59D /* FirebaseDatabaseSwift */; };
		A38232402AE1AE6D003DB59D /* FirebaseDynamicLinks in Frameworks */ = {isa = PBXBuildFile; productRef = A382323F2AE1AE6D003DB59D /* FirebaseDynamicLinks */; };
		A38232422AE1AE6D003DB59D /* FirebaseFirestore in Frameworks */ = {isa = PBXBuildFile; productRef = A38232412AE1AE6D003DB59D /* FirebaseFirestore */; };
		A38232442AE1AE6D003DB59D /* FirebaseFirestoreCombine-Community in Frameworks */ = {isa = PBXBuildFile; productRef = A38232432AE1AE6D003DB59D /* FirebaseFirestoreCombine-Community */; };
		A38232462AE1AE6D003DB59D /* FirebaseFirestoreSwift in Frameworks */ = {isa = PBXBuildFile; productRef = A38232452AE1AE6D003DB59D /* FirebaseFirestoreSwift */; };
		A38232482AE1AE6D003DB59D /* FirebaseFunctions in Frameworks */ = {isa = PBXBuildFile; productRef = A38232472AE1AE6D003DB59D /* FirebaseFunctions */; };
		A382324A2AE1AE6D003DB59D /* FirebaseFunctionsCombine-Community in Frameworks */ = {isa = PBXBuildFile; productRef = A38232492AE1AE6D003DB59D /* FirebaseFunctionsCombine-Community */; };
		A382324C2AE1AE6D003DB59D /* FirebaseInAppMessaging-Beta in Frameworks */ = {isa = PBXBuildFile; productRef = A382324B2AE1AE6D003DB59D /* FirebaseInAppMessaging-Beta */; };
		A382324E2AE1AE6D003DB59D /* FirebaseInAppMessagingSwift-Beta in Frameworks */ = {isa = PBXBuildFile; productRef = A382324D2AE1AE6D003DB59D /* FirebaseInAppMessagingSwift-Beta */; };
		A38232502AE1AE6D003DB59D /* FirebaseInstallations in Frameworks */ = {isa = PBXBuildFile; productRef = A382324F2AE1AE6D003DB59D /* FirebaseInstallations */; };
		A38232522AE1AE6D003DB59D /* FirebaseMLModelDownloader in Frameworks */ = {isa = PBXBuildFile; productRef = A38232512AE1AE6D003DB59D /* FirebaseMLModelDownloader */; };
		A38232542AE1AE6D003DB59D /* FirebaseMessaging in Frameworks */ = {isa = PBXBuildFile; productRef = A38232532AE1AE6D003DB59D /* FirebaseMessaging */; };
		A38232562AE1AE6D003DB59D /* FirebasePerformance in Frameworks */ = {isa = PBXBuildFile; productRef = A38232552AE1AE6D003DB59D /* FirebasePerformance */; };
		A38232582AE1AE6D003DB59D /* FirebaseRemoteConfig in Frameworks */ = {isa = PBXBuildFile; productRef = A38232572AE1AE6D003DB59D /* FirebaseRemoteConfig */; };
		A382325A2AE1AE6D003DB59D /* FirebaseRemoteConfigSwift in Frameworks */ = {isa = PBXBuildFile; productRef = A38232592AE1AE6D003DB59D /* FirebaseRemoteConfigSwift */; };
		A382325C2AE1AE6D003DB59D /* FirebaseStorage in Frameworks */ = {isa = PBXBuildFile; productRef = A382325B2AE1AE6D003DB59D /* FirebaseStorage */; };
		A382325E2AE1AE6D003DB59D /* FirebaseStorageCombine-Community in Frameworks */ = {isa = PBXBuildFile; productRef = A382325D2AE1AE6D003DB59D /* FirebaseStorageCombine-Community */; };
		A38232622AE1ED2B003DB59D /* AddThoughtsView.swift in Sources */ = {isa = PBXBuildFile; fileRef = A38232612AE1ED2B003DB59D /* AddThoughtsView.swift */; };
		A38232682AE1F067003DB59D /* GoogleService-Info.plist in Resources */ = {isa = PBXBuildFile; fileRef = A38232672AE1F067003DB59D /* GoogleService-Info.plist */; };
		A3CE61DC2ADF2B9D0039EC83 /* ThoughtBankApp.swift in Sources */ = {isa = PBXBuildFile; fileRef = A3CE61DB2ADF2B9D0039EC83 /* ThoughtBankApp.swift */; };
		A3CE61E02ADF2B9E0039EC83 /* Assets.xcassets in Resources */ = {isa = PBXBuildFile; fileRef = A3CE61DF2ADF2B9E0039EC83 /* Assets.xcassets */; };
		A3CE61E32ADF2B9E0039EC83 /* Preview Assets.xcassets in Resources */ = {isa = PBXBuildFile; fileRef = A3CE61E22ADF2B9E0039EC83 /* Preview Assets.xcassets */; };
		A3FD9F012B13F4CB002D9515 /* ThoughtsView.swift in Sources */ = {isa = PBXBuildFile; fileRef = A3FD9F002B13F4CB002D9515 /* ThoughtsView.swift */; };
		DBA414312AEDDF8A00B4F685 /* SmoochSans-Regular.ttf in Resources */ = {isa = PBXBuildFile; fileRef = DBA414302AEDDF8A00B4F685 /* SmoochSans-Regular.ttf */; };
		DBA414342AEDEDD300B4F685 /* SmoochSans-SemiBold.ttf in Resources */ = {isa = PBXBuildFile; fileRef = DBA414332AEDEDD300B4F685 /* SmoochSans-SemiBold.ttf */; };
		DBA414362AEDEF4300B4F685 /* SmoochSans-ExtraBold.ttf in Resources */ = {isa = PBXBuildFile; fileRef = DBA414352AEDEF4300B4F685 /* SmoochSans-ExtraBold.ttf */; };
		FF604EEE2B04384A000B80D7 /* NavigationState.swift in Sources */ = {isa = PBXBuildFile; fileRef = FF604EED2B04384A000B80D7 /* NavigationState.swift */; };
		FF604EF32B043954000B80D7 /* ManagerView.swift in Sources */ = {isa = PBXBuildFile; fileRef = FF604EF22B043954000B80D7 /* ManagerView.swift */; };
		FF604EF62B044315000B80D7 /* ImageTextField.swift in Sources */ = {isa = PBXBuildFile; fileRef = FF604EF52B044315000B80D7 /* ImageTextField.swift */; };
		FF604EF82B04439B000B80D7 /* LargeFilledButton.swift in Sources */ = {isa = PBXBuildFile; fileRef = FF604EF72B04439B000B80D7 /* LargeFilledButton.swift */; };
		FF604F012B046ACF000B80D7 /* ThoughtCard.swift in Sources */ = {isa = PBXBuildFile; fileRef = FF604F002B046ACF000B80D7 /* ThoughtCard.swift */; };
		FF604F032B0491B6000B80D7 /* RoundedButton.swift in Sources */ = {isa = PBXBuildFile; fileRef = FF604F022B0491B6000B80D7 /* RoundedButton.swift */; };
		FF604F052B0512F3000B80D7 /* ProgressOverlay.swift in Sources */ = {isa = PBXBuildFile; fileRef = FF604F042B0512F3000B80D7 /* ProgressOverlay.swift */; };
		FF6E3D392B17D5E600DAEF0F /* Preferences.swift in Sources */ = {isa = PBXBuildFile; fileRef = FF6E3D382B17D5E600DAEF0F /* Preferences.swift */; };
		FF91050E2B17A8FA0013F0EF /* GenericFeedView.swift in Sources */ = {isa = PBXBuildFile; fileRef = FF91050D2B17A8FA0013F0EF /* GenericFeedView.swift */; };
		FF91050F2B17BFF80013F0EF /* Poppins-Regular.ttf in Resources */ = {isa = PBXBuildFile; fileRef = FF604EFD2B045E18000B80D7 /* Poppins-Regular.ttf */; };
		FF9105112B17BFF80013F0EF /* Poppins-ExtraBold.ttf in Resources */ = {isa = PBXBuildFile; fileRef = FF604EF92B045E18000B80D7 /* Poppins-ExtraBold.ttf */; };
		FFB71AD12ADF50DB0006C762 /* FirebaseManager.swift in Sources */ = {isa = PBXBuildFile; fileRef = FFB71AD02ADF50DA0006C762 /* FirebaseManager.swift */; };
		FFB71AD52ADF50EA0006C762 /* Thought.swift in Sources */ = {isa = PBXBuildFile; fileRef = FFB71AD32ADF50EA0006C762 /* Thought.swift */; };
		FFB71AD62ADF50EA0006C762 /* User.swift in Sources */ = {isa = PBXBuildFile; fileRef = FFB71AD42ADF50EA0006C762 /* User.swift */; };
		FFB71ADB2ADF51030006C762 /* PreviewViewModel.swift in Sources */ = {isa = PBXBuildFile; fileRef = FFB71AD82ADF51030006C762 /* PreviewViewModel.swift */; };
		FFB71ADC2ADF51030006C762 /* CentralViewModel.swift in Sources */ = {isa = PBXBuildFile; fileRef = FFB71AD92ADF51030006C762 /* CentralViewModel.swift */; };
		FFB71ADD2ADF51030006C762 /* ViewModelProtocol.swift in Sources */ = {isa = PBXBuildFile; fileRef = FFB71ADA2ADF51030006C762 /* ViewModelProtocol.swift */; };
		FFB71AE62ADF51150006C762 /* RegistrationView.swift in Sources */ = {isa = PBXBuildFile; fileRef = FFB71ADF2ADF51140006C762 /* RegistrationView.swift */; };
		FFB71AE72ADF51150006C762 /* DepositedThoughtsView.swift in Sources */ = {isa = PBXBuildFile; fileRef = FFB71AE02ADF51140006C762 /* DepositedThoughtsView.swift */; };
		FFB71AE82ADF51150006C762 /* LandingPageView.swift in Sources */ = {isa = PBXBuildFile; fileRef = FFB71AE12ADF51140006C762 /* LandingPageView.swift */; };
		FFB71AE92ADF51150006C762 /* MainFeedView.swift in Sources */ = {isa = PBXBuildFile; fileRef = FFB71AE22ADF51140006C762 /* MainFeedView.swift */; };
		FFB71AEA2ADF51150006C762 /* LoginView.swift in Sources */ = {isa = PBXBuildFile; fileRef = FFB71AE32ADF51140006C762 /* LoginView.swift */; };
		FFB71AEB2ADF51150006C762 /* SettingsView.swift in Sources */ = {isa = PBXBuildFile; fileRef = FFB71AE42ADF51140006C762 /* SettingsView.swift */; };
		FFB71AEC2ADF51150006C762 /* PersonalThoughtsView.swift in Sources */ = {isa = PBXBuildFile; fileRef = FFB71AE52ADF51150006C762 /* PersonalThoughtsView.swift */; };
/* End PBXBuildFile section */

/* Begin PBXFileReference section */
		3D5E89262AEF137D00C74079 /* KeyboardAdaptive.swift */ = {isa = PBXFileReference; lastKnownFileType = sourcecode.swift; path = KeyboardAdaptive.swift; sourceTree = "<group>"; };
		7F1890122AEFF99E0099539B /* MainView.swift */ = {isa = PBXFileReference; lastKnownFileType = sourcecode.swift; path = MainView.swift; sourceTree = "<group>"; };
		A31484522AF4604A00A81A4A /* TestingView.swift */ = {isa = PBXFileReference; lastKnownFileType = sourcecode.swift; path = TestingView.swift; sourceTree = "<group>"; };
		A320061A2B129509003E3ECA /* AuthenticationView.swift */ = {isa = PBXFileReference; lastKnownFileType = sourcecode.swift; path = AuthenticationView.swift; sourceTree = "<group>"; };
		A320061C2B12A85A003E3ECA /* Errors.swift */ = {isa = PBXFileReference; lastKnownFileType = sourcecode.swift; path = Errors.swift; sourceTree = "<group>"; };
		A38232612AE1ED2B003DB59D /* AddThoughtsView.swift */ = {isa = PBXFileReference; lastKnownFileType = sourcecode.swift; path = AddThoughtsView.swift; sourceTree = "<group>"; };
		A38232672AE1F067003DB59D /* GoogleService-Info.plist */ = {isa = PBXFileReference; fileEncoding = 4; lastKnownFileType = text.plist.xml; path = "GoogleService-Info.plist"; sourceTree = "<group>"; };
		A3CE61D82ADF2B9D0039EC83 /* ThoughtBank.app */ = {isa = PBXFileReference; explicitFileType = wrapper.application; includeInIndex = 0; path = ThoughtBank.app; sourceTree = BUILT_PRODUCTS_DIR; };
		A3CE61DB2ADF2B9D0039EC83 /* ThoughtBankApp.swift */ = {isa = PBXFileReference; lastKnownFileType = sourcecode.swift; path = ThoughtBankApp.swift; sourceTree = "<group>"; };
		A3CE61DF2ADF2B9E0039EC83 /* Assets.xcassets */ = {isa = PBXFileReference; lastKnownFileType = folder.assetcatalog; path = Assets.xcassets; sourceTree = "<group>"; };
		A3CE61E22ADF2B9E0039EC83 /* Preview Assets.xcassets */ = {isa = PBXFileReference; lastKnownFileType = folder.assetcatalog; path = "Preview Assets.xcassets"; sourceTree = "<group>"; };
		A3F11B352B18193D001B06D5 /* Poppins-Bold.ttf */ = {isa = PBXFileReference; lastKnownFileType = file; path = "Poppins-Bold.ttf"; sourceTree = "<group>"; };
		A3FD9F002B13F4CB002D9515 /* ThoughtsView.swift */ = {isa = PBXFileReference; lastKnownFileType = sourcecode.swift; path = ThoughtsView.swift; sourceTree = "<group>"; };
		DBA414302AEDDF8A00B4F685 /* SmoochSans-Regular.ttf */ = {isa = PBXFileReference; lastKnownFileType = file; path = "SmoochSans-Regular.ttf"; sourceTree = "<group>"; };
		DBA414322AEDE7F100B4F685 /* Info.plist */ = {isa = PBXFileReference; lastKnownFileType = text.plist; path = Info.plist; sourceTree = "<group>"; };
		DBA414332AEDEDD300B4F685 /* SmoochSans-SemiBold.ttf */ = {isa = PBXFileReference; lastKnownFileType = file; path = "SmoochSans-SemiBold.ttf"; sourceTree = "<group>"; };
		DBA414352AEDEF4300B4F685 /* SmoochSans-ExtraBold.ttf */ = {isa = PBXFileReference; lastKnownFileType = file; path = "SmoochSans-ExtraBold.ttf"; sourceTree = "<group>"; };
		FF604EED2B04384A000B80D7 /* NavigationState.swift */ = {isa = PBXFileReference; lastKnownFileType = sourcecode.swift; path = NavigationState.swift; sourceTree = "<group>"; };
		FF604EF22B043954000B80D7 /* ManagerView.swift */ = {isa = PBXFileReference; lastKnownFileType = sourcecode.swift; path = ManagerView.swift; sourceTree = "<group>"; };
		FF604EF52B044315000B80D7 /* ImageTextField.swift */ = {isa = PBXFileReference; lastKnownFileType = sourcecode.swift; path = ImageTextField.swift; sourceTree = "<group>"; };
		FF604EF72B04439B000B80D7 /* LargeFilledButton.swift */ = {isa = PBXFileReference; lastKnownFileType = sourcecode.swift; path = LargeFilledButton.swift; sourceTree = "<group>"; };
		FF604EF92B045E18000B80D7 /* Poppins-ExtraBold.ttf */ = {isa = PBXFileReference; lastKnownFileType = file; path = "Poppins-ExtraBold.ttf"; sourceTree = "<group>"; };
		FF604EFD2B045E18000B80D7 /* Poppins-Regular.ttf */ = {isa = PBXFileReference; lastKnownFileType = file; path = "Poppins-Regular.ttf"; sourceTree = "<group>"; };
		FF604F002B046ACF000B80D7 /* ThoughtCard.swift */ = {isa = PBXFileReference; lastKnownFileType = sourcecode.swift; path = ThoughtCard.swift; sourceTree = "<group>"; };
		FF604F022B0491B6000B80D7 /* RoundedButton.swift */ = {isa = PBXFileReference; lastKnownFileType = sourcecode.swift; path = RoundedButton.swift; sourceTree = "<group>"; };
		FF604F042B0512F3000B80D7 /* ProgressOverlay.swift */ = {isa = PBXFileReference; lastKnownFileType = sourcecode.swift; path = ProgressOverlay.swift; sourceTree = "<group>"; };
		FF6E3D382B17D5E600DAEF0F /* Preferences.swift */ = {isa = PBXFileReference; lastKnownFileType = sourcecode.swift; path = Preferences.swift; sourceTree = "<group>"; };
		FF91050D2B17A8FA0013F0EF /* GenericFeedView.swift */ = {isa = PBXFileReference; lastKnownFileType = sourcecode.swift; path = GenericFeedView.swift; sourceTree = "<group>"; };
		FFB71AD02ADF50DA0006C762 /* FirebaseManager.swift */ = {isa = PBXFileReference; fileEncoding = 4; lastKnownFileType = sourcecode.swift; path = FirebaseManager.swift; sourceTree = "<group>"; };
		FFB71AD32ADF50EA0006C762 /* Thought.swift */ = {isa = PBXFileReference; fileEncoding = 4; lastKnownFileType = sourcecode.swift; path = Thought.swift; sourceTree = "<group>"; };
		FFB71AD42ADF50EA0006C762 /* User.swift */ = {isa = PBXFileReference; fileEncoding = 4; lastKnownFileType = sourcecode.swift; path = User.swift; sourceTree = "<group>"; };
		FFB71AD82ADF51030006C762 /* PreviewViewModel.swift */ = {isa = PBXFileReference; fileEncoding = 4; lastKnownFileType = sourcecode.swift; path = PreviewViewModel.swift; sourceTree = "<group>"; };
		FFB71AD92ADF51030006C762 /* CentralViewModel.swift */ = {isa = PBXFileReference; fileEncoding = 4; lastKnownFileType = sourcecode.swift; path = CentralViewModel.swift; sourceTree = "<group>"; };
		FFB71ADA2ADF51030006C762 /* ViewModelProtocol.swift */ = {isa = PBXFileReference; fileEncoding = 4; lastKnownFileType = sourcecode.swift; path = ViewModelProtocol.swift; sourceTree = "<group>"; };
		FFB71ADF2ADF51140006C762 /* RegistrationView.swift */ = {isa = PBXFileReference; fileEncoding = 4; lastKnownFileType = sourcecode.swift; path = RegistrationView.swift; sourceTree = "<group>"; };
		FFB71AE02ADF51140006C762 /* DepositedThoughtsView.swift */ = {isa = PBXFileReference; fileEncoding = 4; lastKnownFileType = sourcecode.swift; path = DepositedThoughtsView.swift; sourceTree = "<group>"; };
		FFB71AE12ADF51140006C762 /* LandingPageView.swift */ = {isa = PBXFileReference; fileEncoding = 4; lastKnownFileType = sourcecode.swift; path = LandingPageView.swift; sourceTree = "<group>"; };
		FFB71AE22ADF51140006C762 /* MainFeedView.swift */ = {isa = PBXFileReference; fileEncoding = 4; lastKnownFileType = sourcecode.swift; path = MainFeedView.swift; sourceTree = "<group>"; };
		FFB71AE32ADF51140006C762 /* LoginView.swift */ = {isa = PBXFileReference; fileEncoding = 4; lastKnownFileType = sourcecode.swift; path = LoginView.swift; sourceTree = "<group>"; };
		FFB71AE42ADF51140006C762 /* SettingsView.swift */ = {isa = PBXFileReference; fileEncoding = 4; lastKnownFileType = sourcecode.swift; path = SettingsView.swift; sourceTree = "<group>"; };
		FFB71AE52ADF51150006C762 /* PersonalThoughtsView.swift */ = {isa = PBXFileReference; fileEncoding = 4; lastKnownFileType = sourcecode.swift; path = PersonalThoughtsView.swift; sourceTree = "<group>"; };
/* End PBXFileReference section */

/* Begin PBXFrameworksBuildPhase section */
		A3CE61D52ADF2B9D0039EC83 /* Frameworks */ = {
			isa = PBXFrameworksBuildPhase;
			buildActionMask = 2147483647;
			files = (
				A382323C2AE1AE6D003DB59D /* FirebaseDatabase in Frameworks */,
				A382324A2AE1AE6D003DB59D /* FirebaseFunctionsCombine-Community in Frameworks */,
				A38232422AE1AE6D003DB59D /* FirebaseFirestore in Frameworks */,
				A382322E2AE1AE6D003DB59D /* FirebaseAnalyticsSwift in Frameworks */,
				A382322A2AE1AE6D003DB59D /* FirebaseAnalytics in Frameworks */,
				A382322C2AE1AE6D003DB59D /* FirebaseAnalyticsOnDeviceConversion in Frameworks */,
				A38232522AE1AE6D003DB59D /* FirebaseMLModelDownloader in Frameworks */,
				A38232462AE1AE6D003DB59D /* FirebaseFirestoreSwift in Frameworks */,
				A38232322AE1AE6D003DB59D /* FirebaseAppCheck in Frameworks */,
				A38232302AE1AE6D003DB59D /* FirebaseAnalyticsWithoutAdIdSupport in Frameworks */,
				A38232362AE1AE6D003DB59D /* FirebaseAuth in Frameworks */,
				A382323A2AE1AE6D003DB59D /* FirebaseCrashlytics in Frameworks */,
				A382325A2AE1AE6D003DB59D /* FirebaseRemoteConfigSwift in Frameworks */,
				A382324C2AE1AE6D003DB59D /* FirebaseInAppMessaging-Beta in Frameworks */,
				A382323E2AE1AE6D003DB59D /* FirebaseDatabaseSwift in Frameworks */,
				A38232482AE1AE6D003DB59D /* FirebaseFunctions in Frameworks */,
				A382325E2AE1AE6D003DB59D /* FirebaseStorageCombine-Community in Frameworks */,
				A38232582AE1AE6D003DB59D /* FirebaseRemoteConfig in Frameworks */,
				A38232342AE1AE6D003DB59D /* FirebaseAppDistribution-Beta in Frameworks */,
				A38232382AE1AE6D003DB59D /* FirebaseAuthCombine-Community in Frameworks */,
				A38232562AE1AE6D003DB59D /* FirebasePerformance in Frameworks */,
				A382324E2AE1AE6D003DB59D /* FirebaseInAppMessagingSwift-Beta in Frameworks */,
				A382325C2AE1AE6D003DB59D /* FirebaseStorage in Frameworks */,
				A38232402AE1AE6D003DB59D /* FirebaseDynamicLinks in Frameworks */,
				A38232442AE1AE6D003DB59D /* FirebaseFirestoreCombine-Community in Frameworks */,
				A38232542AE1AE6D003DB59D /* FirebaseMessaging in Frameworks */,
				A38232502AE1AE6D003DB59D /* FirebaseInstallations in Frameworks */,
			);
			runOnlyForDeploymentPostprocessing = 0;
		};
/* End PBXFrameworksBuildPhase section */

/* Begin PBXGroup section */
		3D5E89252AEF135600C74079 /* Keyboard */ = {
			isa = PBXGroup;
			children = (
				3D5E89262AEF137D00C74079 /* KeyboardAdaptive.swift */,
			);
			path = Keyboard;
			sourceTree = "<group>";
		};
		A3CE61CF2ADF2B9D0039EC83 = {
			isa = PBXGroup;
			children = (
				A3CE61DA2ADF2B9D0039EC83 /* ThoughtBank */,
				A3CE61D92ADF2B9D0039EC83 /* Products */,
			);
			sourceTree = "<group>";
		};
		A3CE61D92ADF2B9D0039EC83 /* Products */ = {
			isa = PBXGroup;
			children = (
				A3CE61D82ADF2B9D0039EC83 /* ThoughtBank.app */,
			);
			name = Products;
			sourceTree = "<group>";
		};
		A3CE61DA2ADF2B9D0039EC83 /* ThoughtBank */ = {
			isa = PBXGroup;
			children = (
				DBA414322AEDE7F100B4F685 /* Info.plist */,
				A38232672AE1F067003DB59D /* GoogleService-Info.plist */,
				A3CE61DF2ADF2B9E0039EC83 /* Assets.xcassets */,
				A3CE61DB2ADF2B9D0039EC83 /* ThoughtBankApp.swift */,
				FFB71ACF2ADF50C80006C762 /* Backend */,
				FFB71AD72ADF50ED0006C762 /* View Model */,
				FFB71AD22ADF50DE0006C762 /* Model */,
				FFB71ADE2ADF51060006C762 /* View */,
				A3CE61E12ADF2B9E0039EC83 /* Preview Content */,
			);
			path = ThoughtBank;
			sourceTree = "<group>";
		};
		A3CE61E12ADF2B9E0039EC83 /* Preview Content */ = {
			isa = PBXGroup;
			children = (
				A3CE61E22ADF2B9E0039EC83 /* Preview Assets.xcassets */,
			);
			path = "Preview Content";
			sourceTree = "<group>";
		};
		DBA4142F2AEDDEEF00B4F685 /* Font */ = {
			isa = PBXGroup;
			children = (
				FF604EF92B045E18000B80D7 /* Poppins-ExtraBold.ttf */,
				FF604EFD2B045E18000B80D7 /* Poppins-Regular.ttf */,
				A3F11B352B18193D001B06D5 /* Poppins-Bold.ttf */,
				DBA414352AEDEF4300B4F685 /* SmoochSans-ExtraBold.ttf */,
				DBA414332AEDEDD300B4F685 /* SmoochSans-SemiBold.ttf */,
				DBA414302AEDDF8A00B4F685 /* SmoochSans-Regular.ttf */,
			);
			path = Font;
			sourceTree = "<group>";
		};
		FF604EF42B0442ED000B80D7 /* Components */ = {
			isa = PBXGroup;
			children = (
				FF604EF52B044315000B80D7 /* ImageTextField.swift */,
				FF604EF72B04439B000B80D7 /* LargeFilledButton.swift */,
				FF604F022B0491B6000B80D7 /* RoundedButton.swift */,
				FF604F002B046ACF000B80D7 /* ThoughtCard.swift */,
				FF91050D2B17A8FA0013F0EF /* GenericFeedView.swift */,
				FF604F042B0512F3000B80D7 /* ProgressOverlay.swift */,
				A3FD9F002B13F4CB002D9515 /* ThoughtsView.swift */,
			);
			path = Components;
			sourceTree = "<group>";
		};
		FFB71ACF2ADF50C80006C762 /* Backend */ = {
			isa = PBXGroup;
			children = (
				FFB71AD02ADF50DA0006C762 /* FirebaseManager.swift */,
				FF6E3D382B17D5E600DAEF0F /* Preferences.swift */,
			);
			path = Backend;
			sourceTree = "<group>";
		};
		FFB71AD22ADF50DE0006C762 /* Model */ = {
			isa = PBXGroup;
			children = (
				FFB71AD32ADF50EA0006C762 /* Thought.swift */,
				FF604EED2B04384A000B80D7 /* NavigationState.swift */,
				FFB71AD42ADF50EA0006C762 /* User.swift */,
				A320061C2B12A85A003E3ECA /* Errors.swift */,
			);
			path = Model;
			sourceTree = "<group>";
		};
		FFB71AD72ADF50ED0006C762 /* View Model */ = {
			isa = PBXGroup;
			children = (
				FFB71AD92ADF51030006C762 /* CentralViewModel.swift */,
				FFB71AD82ADF51030006C762 /* PreviewViewModel.swift */,
				FFB71ADA2ADF51030006C762 /* ViewModelProtocol.swift */,
			);
			path = "View Model";
			sourceTree = "<group>";
		};
		FFB71ADE2ADF51060006C762 /* View */ = {
			isa = PBXGroup;
			children = (
				DBA4142F2AEDDEEF00B4F685 /* Font */,
				3D5E89252AEF135600C74079 /* Keyboard */,
				FF604EF42B0442ED000B80D7 /* Components */,
				FFB71AE12ADF51140006C762 /* LandingPageView.swift */,
				FFB71AE32ADF51140006C762 /* LoginView.swift */,
				FFB71ADF2ADF51140006C762 /* RegistrationView.swift */,
				A320061A2B129509003E3ECA /* AuthenticationView.swift */,
				FFB71AE22ADF51140006C762 /* MainFeedView.swift */,
				FFB71AE52ADF51150006C762 /* PersonalThoughtsView.swift */,
				FFB71AE02ADF51140006C762 /* DepositedThoughtsView.swift */,
				A38232612AE1ED2B003DB59D /* AddThoughtsView.swift */,
				FFB71AE42ADF51140006C762 /* SettingsView.swift */,
				7F1890122AEFF99E0099539B /* MainView.swift */,
				A31484522AF4604A00A81A4A /* TestingView.swift */,
				FF604EF22B043954000B80D7 /* ManagerView.swift */,
			);
			path = View;
			sourceTree = "<group>";
		};
/* End PBXGroup section */

/* Begin PBXNativeTarget section */
		A3CE61D72ADF2B9D0039EC83 /* ThoughtBank */ = {
			isa = PBXNativeTarget;
			buildConfigurationList = A3CE61E62ADF2B9E0039EC83 /* Build configuration list for PBXNativeTarget "ThoughtBank" */;
			buildPhases = (
				A3CE61D42ADF2B9D0039EC83 /* Sources */,
				A3CE61D52ADF2B9D0039EC83 /* Frameworks */,
				A3CE61D62ADF2B9D0039EC83 /* Resources */,
			);
			buildRules = (
			);
			dependencies = (
			);
			name = ThoughtBank;
			packageProductDependencies = (
				A38232292AE1AE6D003DB59D /* FirebaseAnalytics */,
				A382322B2AE1AE6D003DB59D /* FirebaseAnalyticsOnDeviceConversion */,
				A382322D2AE1AE6D003DB59D /* FirebaseAnalyticsSwift */,
				A382322F2AE1AE6D003DB59D /* FirebaseAnalyticsWithoutAdIdSupport */,
				A38232312AE1AE6D003DB59D /* FirebaseAppCheck */,
				A38232332AE1AE6D003DB59D /* FirebaseAppDistribution-Beta */,
				A38232352AE1AE6D003DB59D /* FirebaseAuth */,
				A38232372AE1AE6D003DB59D /* FirebaseAuthCombine-Community */,
				A38232392AE1AE6D003DB59D /* FirebaseCrashlytics */,
				A382323B2AE1AE6D003DB59D /* FirebaseDatabase */,
				A382323D2AE1AE6D003DB59D /* FirebaseDatabaseSwift */,
				A382323F2AE1AE6D003DB59D /* FirebaseDynamicLinks */,
				A38232412AE1AE6D003DB59D /* FirebaseFirestore */,
				A38232432AE1AE6D003DB59D /* FirebaseFirestoreCombine-Community */,
				A38232452AE1AE6D003DB59D /* FirebaseFirestoreSwift */,
				A38232472AE1AE6D003DB59D /* FirebaseFunctions */,
				A38232492AE1AE6D003DB59D /* FirebaseFunctionsCombine-Community */,
				A382324B2AE1AE6D003DB59D /* FirebaseInAppMessaging-Beta */,
				A382324D2AE1AE6D003DB59D /* FirebaseInAppMessagingSwift-Beta */,
				A382324F2AE1AE6D003DB59D /* FirebaseInstallations */,
				A38232512AE1AE6D003DB59D /* FirebaseMLModelDownloader */,
				A38232532AE1AE6D003DB59D /* FirebaseMessaging */,
				A38232552AE1AE6D003DB59D /* FirebasePerformance */,
				A38232572AE1AE6D003DB59D /* FirebaseRemoteConfig */,
				A38232592AE1AE6D003DB59D /* FirebaseRemoteConfigSwift */,
				A382325B2AE1AE6D003DB59D /* FirebaseStorage */,
				A382325D2AE1AE6D003DB59D /* FirebaseStorageCombine-Community */,
			);
			productName = ThoughtBank;
			productReference = A3CE61D82ADF2B9D0039EC83 /* ThoughtBank.app */;
			productType = "com.apple.product-type.application";
		};
/* End PBXNativeTarget section */

/* Begin PBXProject section */
		A3CE61D02ADF2B9D0039EC83 /* Project object */ = {
			isa = PBXProject;
			attributes = {
				BuildIndependentTargetsInParallel = 1;
				LastSwiftUpdateCheck = 1500;
				LastUpgradeCheck = 1500;
				TargetAttributes = {
					A3CE61D72ADF2B9D0039EC83 = {
						CreatedOnToolsVersion = 15.0;
					};
				};
			};
			buildConfigurationList = A3CE61D32ADF2B9D0039EC83 /* Build configuration list for PBXProject "ThoughtBank" */;
			compatibilityVersion = "Xcode 14.0";
			developmentRegion = en;
			hasScannedForEncodings = 0;
			knownRegions = (
				en,
				Base,
			);
			mainGroup = A3CE61CF2ADF2B9D0039EC83;
			packageReferences = (
				A38232282AE1AE6D003DB59D /* XCRemoteSwiftPackageReference "firebase-ios-sdk" */,
			);
			productRefGroup = A3CE61D92ADF2B9D0039EC83 /* Products */;
			projectDirPath = "";
			projectRoot = "";
			targets = (
				A3CE61D72ADF2B9D0039EC83 /* ThoughtBank */,
			);
		};
/* End PBXProject section */

/* Begin PBXResourcesBuildPhase section */
		A3CE61D62ADF2B9D0039EC83 /* Resources */ = {
			isa = PBXResourcesBuildPhase;
			buildActionMask = 2147483647;
			files = (
				A3CE61E32ADF2B9E0039EC83 /* Preview Assets.xcassets in Resources */,
				FF9105112B17BFF80013F0EF /* Poppins-ExtraBold.ttf in Resources */,
				A38232682AE1F067003DB59D /* GoogleService-Info.plist in Resources */,
				FF91050F2B17BFF80013F0EF /* Poppins-Regular.ttf in Resources */,
				DBA414362AEDEF4300B4F685 /* SmoochSans-ExtraBold.ttf in Resources */,
				A3CE61E02ADF2B9E0039EC83 /* Assets.xcassets in Resources */,
				DBA414342AEDEDD300B4F685 /* SmoochSans-SemiBold.ttf in Resources */,
				DBA414312AEDDF8A00B4F685 /* SmoochSans-Regular.ttf in Resources */,
			);
			runOnlyForDeploymentPostprocessing = 0;
		};
/* End PBXResourcesBuildPhase section */

/* Begin PBXSourcesBuildPhase section */
		A3CE61D42ADF2B9D0039EC83 /* Sources */ = {
			isa = PBXSourcesBuildPhase;
			buildActionMask = 2147483647;
			files = (
				3D5E89272AEF137D00C74079 /* KeyboardAdaptive.swift in Sources */,
				FF604F012B046ACF000B80D7 /* ThoughtCard.swift in Sources */,
				FF6E3D392B17D5E600DAEF0F /* Preferences.swift in Sources */,
				FF604EEE2B04384A000B80D7 /* NavigationState.swift in Sources */,
				FFB71AD62ADF50EA0006C762 /* User.swift in Sources */,
				FF91050E2B17A8FA0013F0EF /* GenericFeedView.swift in Sources */,
				A320061B2B129509003E3ECA /* AuthenticationView.swift in Sources */,
				FFB71AD52ADF50EA0006C762 /* Thought.swift in Sources */,
				FFB71AEC2ADF51150006C762 /* PersonalThoughtsView.swift in Sources */,
				A320061D2B12A85A003E3ECA /* Errors.swift in Sources */,
				FFB71AE72ADF51150006C762 /* DepositedThoughtsView.swift in Sources */,
				A31484532AF4604A00A81A4A /* TestingView.swift in Sources */,
				FF604EF62B044315000B80D7 /* ImageTextField.swift in Sources */,
				FFB71AD12ADF50DB0006C762 /* FirebaseManager.swift in Sources */,
				FFB71ADB2ADF51030006C762 /* PreviewViewModel.swift in Sources */,
				FFB71ADD2ADF51030006C762 /* ViewModelProtocol.swift in Sources */,
				FFB71AEA2ADF51150006C762 /* LoginView.swift in Sources */,
				A38232622AE1ED2B003DB59D /* AddThoughtsView.swift in Sources */,
				FF604F052B0512F3000B80D7 /* ProgressOverlay.swift in Sources */,
				FFB71ADC2ADF51030006C762 /* CentralViewModel.swift in Sources */,
				7F1890132AEFF99E0099539B /* MainView.swift in Sources */,
				FFB71AE82ADF51150006C762 /* LandingPageView.swift in Sources */,
				FFB71AE92ADF51150006C762 /* MainFeedView.swift in Sources */,
				A3CE61DC2ADF2B9D0039EC83 /* ThoughtBankApp.swift in Sources */,
				A3FD9F012B13F4CB002D9515 /* ThoughtsView.swift in Sources */,
				FF604F032B0491B6000B80D7 /* RoundedButton.swift in Sources */,
				FF604EF32B043954000B80D7 /* ManagerView.swift in Sources */,
				FFB71AE62ADF51150006C762 /* RegistrationView.swift in Sources */,
				FFB71AEB2ADF51150006C762 /* SettingsView.swift in Sources */,
				FF604EF82B04439B000B80D7 /* LargeFilledButton.swift in Sources */,
			);
			runOnlyForDeploymentPostprocessing = 0;
		};
/* End PBXSourcesBuildPhase section */

/* Begin XCBuildConfiguration section */
		A3CE61E42ADF2B9E0039EC83 /* Debug */ = {
			isa = XCBuildConfiguration;
			buildSettings = {
				ALWAYS_SEARCH_USER_PATHS = NO;
				ASSETCATALOG_COMPILER_GENERATE_SWIFT_ASSET_SYMBOL_EXTENSIONS = YES;
				CLANG_ANALYZER_NONNULL = YES;
				CLANG_ANALYZER_NUMBER_OBJECT_CONVERSION = YES_AGGRESSIVE;
				CLANG_CXX_LANGUAGE_STANDARD = "gnu++20";
				CLANG_ENABLE_MODULES = YES;
				CLANG_ENABLE_OBJC_ARC = YES;
				CLANG_ENABLE_OBJC_WEAK = YES;
				CLANG_WARN_BLOCK_CAPTURE_AUTORELEASING = YES;
				CLANG_WARN_BOOL_CONVERSION = YES;
				CLANG_WARN_COMMA = YES;
				CLANG_WARN_CONSTANT_CONVERSION = YES;
				CLANG_WARN_DEPRECATED_OBJC_IMPLEMENTATIONS = YES;
				CLANG_WARN_DIRECT_OBJC_ISA_USAGE = YES_ERROR;
				CLANG_WARN_DOCUMENTATION_COMMENTS = YES;
				CLANG_WARN_EMPTY_BODY = YES;
				CLANG_WARN_ENUM_CONVERSION = YES;
				CLANG_WARN_INFINITE_RECURSION = YES;
				CLANG_WARN_INT_CONVERSION = YES;
				CLANG_WARN_NON_LITERAL_NULL_CONVERSION = YES;
				CLANG_WARN_OBJC_IMPLICIT_RETAIN_SELF = YES;
				CLANG_WARN_OBJC_LITERAL_CONVERSION = YES;
				CLANG_WARN_OBJC_ROOT_CLASS = YES_ERROR;
				CLANG_WARN_QUOTED_INCLUDE_IN_FRAMEWORK_HEADER = YES;
				CLANG_WARN_RANGE_LOOP_ANALYSIS = YES;
				CLANG_WARN_STRICT_PROTOTYPES = YES;
				CLANG_WARN_SUSPICIOUS_MOVE = YES;
				CLANG_WARN_UNGUARDED_AVAILABILITY = YES_AGGRESSIVE;
				CLANG_WARN_UNREACHABLE_CODE = YES;
				CLANG_WARN__DUPLICATE_METHOD_MATCH = YES;
				COPY_PHASE_STRIP = NO;
				DEBUG_INFORMATION_FORMAT = dwarf;
				ENABLE_STRICT_OBJC_MSGSEND = YES;
				ENABLE_TESTABILITY = YES;
				ENABLE_USER_SCRIPT_SANDBOXING = YES;
				GCC_C_LANGUAGE_STANDARD = gnu17;
				GCC_DYNAMIC_NO_PIC = NO;
				GCC_NO_COMMON_BLOCKS = YES;
				GCC_OPTIMIZATION_LEVEL = 0;
				GCC_PREPROCESSOR_DEFINITIONS = (
					"DEBUG=1",
					"$(inherited)",
				);
				GCC_WARN_64_TO_32_BIT_CONVERSION = YES;
				GCC_WARN_ABOUT_RETURN_TYPE = YES_ERROR;
				GCC_WARN_UNDECLARED_SELECTOR = YES;
				GCC_WARN_UNINITIALIZED_AUTOS = YES_AGGRESSIVE;
				GCC_WARN_UNUSED_FUNCTION = YES;
				GCC_WARN_UNUSED_VARIABLE = YES;
				IPHONEOS_DEPLOYMENT_TARGET = 17.0;
				LOCALIZATION_PREFERS_STRING_CATALOGS = YES;
				MTL_ENABLE_DEBUG_INFO = INCLUDE_SOURCE;
				MTL_FAST_MATH = YES;
				ONLY_ACTIVE_ARCH = YES;
				SDKROOT = iphoneos;
				SWIFT_ACTIVE_COMPILATION_CONDITIONS = "DEBUG $(inherited)";
				SWIFT_OPTIMIZATION_LEVEL = "-Onone";
			};
			name = Debug;
		};
		A3CE61E52ADF2B9E0039EC83 /* Release */ = {
			isa = XCBuildConfiguration;
			buildSettings = {
				ALWAYS_SEARCH_USER_PATHS = NO;
				ASSETCATALOG_COMPILER_GENERATE_SWIFT_ASSET_SYMBOL_EXTENSIONS = YES;
				CLANG_ANALYZER_NONNULL = YES;
				CLANG_ANALYZER_NUMBER_OBJECT_CONVERSION = YES_AGGRESSIVE;
				CLANG_CXX_LANGUAGE_STANDARD = "gnu++20";
				CLANG_ENABLE_MODULES = YES;
				CLANG_ENABLE_OBJC_ARC = YES;
				CLANG_ENABLE_OBJC_WEAK = YES;
				CLANG_WARN_BLOCK_CAPTURE_AUTORELEASING = YES;
				CLANG_WARN_BOOL_CONVERSION = YES;
				CLANG_WARN_COMMA = YES;
				CLANG_WARN_CONSTANT_CONVERSION = YES;
				CLANG_WARN_DEPRECATED_OBJC_IMPLEMENTATIONS = YES;
				CLANG_WARN_DIRECT_OBJC_ISA_USAGE = YES_ERROR;
				CLANG_WARN_DOCUMENTATION_COMMENTS = YES;
				CLANG_WARN_EMPTY_BODY = YES;
				CLANG_WARN_ENUM_CONVERSION = YES;
				CLANG_WARN_INFINITE_RECURSION = YES;
				CLANG_WARN_INT_CONVERSION = YES;
				CLANG_WARN_NON_LITERAL_NULL_CONVERSION = YES;
				CLANG_WARN_OBJC_IMPLICIT_RETAIN_SELF = YES;
				CLANG_WARN_OBJC_LITERAL_CONVERSION = YES;
				CLANG_WARN_OBJC_ROOT_CLASS = YES_ERROR;
				CLANG_WARN_QUOTED_INCLUDE_IN_FRAMEWORK_HEADER = YES;
				CLANG_WARN_RANGE_LOOP_ANALYSIS = YES;
				CLANG_WARN_STRICT_PROTOTYPES = YES;
				CLANG_WARN_SUSPICIOUS_MOVE = YES;
				CLANG_WARN_UNGUARDED_AVAILABILITY = YES_AGGRESSIVE;
				CLANG_WARN_UNREACHABLE_CODE = YES;
				CLANG_WARN__DUPLICATE_METHOD_MATCH = YES;
				COPY_PHASE_STRIP = NO;
				DEBUG_INFORMATION_FORMAT = "dwarf-with-dsym";
				ENABLE_NS_ASSERTIONS = NO;
				ENABLE_STRICT_OBJC_MSGSEND = YES;
				ENABLE_USER_SCRIPT_SANDBOXING = YES;
				GCC_C_LANGUAGE_STANDARD = gnu17;
				GCC_NO_COMMON_BLOCKS = YES;
				GCC_WARN_64_TO_32_BIT_CONVERSION = YES;
				GCC_WARN_ABOUT_RETURN_TYPE = YES_ERROR;
				GCC_WARN_UNDECLARED_SELECTOR = YES;
				GCC_WARN_UNINITIALIZED_AUTOS = YES_AGGRESSIVE;
				GCC_WARN_UNUSED_FUNCTION = YES;
				GCC_WARN_UNUSED_VARIABLE = YES;
				IPHONEOS_DEPLOYMENT_TARGET = 17.0;
				LOCALIZATION_PREFERS_STRING_CATALOGS = YES;
				MTL_ENABLE_DEBUG_INFO = NO;
				MTL_FAST_MATH = YES;
				SDKROOT = iphoneos;
				SWIFT_COMPILATION_MODE = wholemodule;
				VALIDATE_PRODUCT = YES;
			};
			name = Release;
		};
		A3CE61E72ADF2B9E0039EC83 /* Debug */ = {
			isa = XCBuildConfiguration;
			buildSettings = {
				ASSETCATALOG_COMPILER_APPICON_NAME = AppIcon;
				ASSETCATALOG_COMPILER_GLOBAL_ACCENT_COLOR_NAME = AccentColor;
				ASSETCATALOG_COMPILER_INCLUDE_ALL_APPICON_ASSETS = NO;
				CODE_SIGN_STYLE = Automatic;
				CURRENT_PROJECT_VERSION = 1;
				DEVELOPMENT_ASSET_PATHS = "\"ThoughtBank/Preview Content\"";
				DEVELOPMENT_TEAM = KJ7YS82G45;
				ENABLE_PREVIEWS = YES;
				GENERATE_INFOPLIST_FILE = YES;
				INFOPLIST_FILE = ThoughtBank/Info.plist;
				INFOPLIST_KEY_UIApplicationSceneManifest_Generation = YES;
				INFOPLIST_KEY_UIApplicationSupportsIndirectInputEvents = YES;
				INFOPLIST_KEY_UILaunchScreen_Generation = YES;
				INFOPLIST_KEY_UISupportedInterfaceOrientations = UIInterfaceOrientationPortrait;
				INFOPLIST_KEY_UISupportedInterfaceOrientations_iPad = "UIInterfaceOrientationPortrait UIInterfaceOrientationPortraitUpsideDown";
				IPHONEOS_DEPLOYMENT_TARGET = 16.0;
				LD_RUNPATH_SEARCH_PATHS = (
					"$(inherited)",
					"@executable_path/Frameworks",
				);
				MARKETING_VERSION = 1.0;
				PRODUCT_BUNDLE_IDENTIFIER = co.aalbahar.ThoughtBank;
				PRODUCT_NAME = "$(TARGET_NAME)";
				SWIFT_EMIT_LOC_STRINGS = YES;
				SWIFT_VERSION = 5.0;
				TARGETED_DEVICE_FAMILY = "1,2";
			};
			name = Debug;
		};
		A3CE61E82ADF2B9E0039EC83 /* Release */ = {
			isa = XCBuildConfiguration;
			buildSettings = {
				ASSETCATALOG_COMPILER_APPICON_NAME = AppIcon;
				ASSETCATALOG_COMPILER_GLOBAL_ACCENT_COLOR_NAME = AccentColor;
				ASSETCATALOG_COMPILER_INCLUDE_ALL_APPICON_ASSETS = NO;
				CODE_SIGN_STYLE = Automatic;
				CURRENT_PROJECT_VERSION = 1;
				DEVELOPMENT_ASSET_PATHS = "\"ThoughtBank/Preview Content\"";
				DEVELOPMENT_TEAM = KJ7YS82G45;
				ENABLE_PREVIEWS = YES;
				GENERATE_INFOPLIST_FILE = YES;
				INFOPLIST_FILE = ThoughtBank/Info.plist;
				INFOPLIST_KEY_UIApplicationSceneManifest_Generation = YES;
				INFOPLIST_KEY_UIApplicationSupportsIndirectInputEvents = YES;
				INFOPLIST_KEY_UILaunchScreen_Generation = YES;
				INFOPLIST_KEY_UISupportedInterfaceOrientations = UIInterfaceOrientationPortrait;
				INFOPLIST_KEY_UISupportedInterfaceOrientations_iPad = "UIInterfaceOrientationPortrait UIInterfaceOrientationPortraitUpsideDown";
				IPHONEOS_DEPLOYMENT_TARGET = 16.0;
				LD_RUNPATH_SEARCH_PATHS = (
					"$(inherited)",
					"@executable_path/Frameworks",
				);
				MARKETING_VERSION = 1.0;
				PRODUCT_BUNDLE_IDENTIFIER = co.aalbahar.ThoughtBank;
				PRODUCT_NAME = "$(TARGET_NAME)";
				SWIFT_EMIT_LOC_STRINGS = YES;
				SWIFT_VERSION = 5.0;
				TARGETED_DEVICE_FAMILY = "1,2";
			};
			name = Release;
		};
/* End XCBuildConfiguration section */

/* Begin XCConfigurationList section */
		A3CE61D32ADF2B9D0039EC83 /* Build configuration list for PBXProject "ThoughtBank" */ = {
			isa = XCConfigurationList;
			buildConfigurations = (
				A3CE61E42ADF2B9E0039EC83 /* Debug */,
				A3CE61E52ADF2B9E0039EC83 /* Release */,
			);
			defaultConfigurationIsVisible = 0;
			defaultConfigurationName = Release;
		};
		A3CE61E62ADF2B9E0039EC83 /* Build configuration list for PBXNativeTarget "ThoughtBank" */ = {
			isa = XCConfigurationList;
			buildConfigurations = (
				A3CE61E72ADF2B9E0039EC83 /* Debug */,
				A3CE61E82ADF2B9E0039EC83 /* Release */,
			);
			defaultConfigurationIsVisible = 0;
			defaultConfigurationName = Release;
		};
/* End XCConfigurationList section */

/* Begin XCRemoteSwiftPackageReference section */
		A38232282AE1AE6D003DB59D /* XCRemoteSwiftPackageReference "firebase-ios-sdk" */ = {
			isa = XCRemoteSwiftPackageReference;
			repositoryURL = "https://github.com/firebase/firebase-ios-sdk.git";
			requirement = {
				kind = upToNextMajorVersion;
				minimumVersion = 10.16.0;
			};
		};
/* End XCRemoteSwiftPackageReference section */

/* Begin XCSwiftPackageProductDependency section */
		A38232292AE1AE6D003DB59D /* FirebaseAnalytics */ = {
			isa = XCSwiftPackageProductDependency;
			package = A38232282AE1AE6D003DB59D /* XCRemoteSwiftPackageReference "firebase-ios-sdk" */;
			productName = FirebaseAnalytics;
		};
		A382322B2AE1AE6D003DB59D /* FirebaseAnalyticsOnDeviceConversion */ = {
			isa = XCSwiftPackageProductDependency;
			package = A38232282AE1AE6D003DB59D /* XCRemoteSwiftPackageReference "firebase-ios-sdk" */;
			productName = FirebaseAnalyticsOnDeviceConversion;
		};
		A382322D2AE1AE6D003DB59D /* FirebaseAnalyticsSwift */ = {
			isa = XCSwiftPackageProductDependency;
			package = A38232282AE1AE6D003DB59D /* XCRemoteSwiftPackageReference "firebase-ios-sdk" */;
			productName = FirebaseAnalyticsSwift;
		};
		A382322F2AE1AE6D003DB59D /* FirebaseAnalyticsWithoutAdIdSupport */ = {
			isa = XCSwiftPackageProductDependency;
			package = A38232282AE1AE6D003DB59D /* XCRemoteSwiftPackageReference "firebase-ios-sdk" */;
			productName = FirebaseAnalyticsWithoutAdIdSupport;
		};
		A38232312AE1AE6D003DB59D /* FirebaseAppCheck */ = {
			isa = XCSwiftPackageProductDependency;
			package = A38232282AE1AE6D003DB59D /* XCRemoteSwiftPackageReference "firebase-ios-sdk" */;
			productName = FirebaseAppCheck;
		};
		A38232332AE1AE6D003DB59D /* FirebaseAppDistribution-Beta */ = {
			isa = XCSwiftPackageProductDependency;
			package = A38232282AE1AE6D003DB59D /* XCRemoteSwiftPackageReference "firebase-ios-sdk" */;
			productName = "FirebaseAppDistribution-Beta";
		};
		A38232352AE1AE6D003DB59D /* FirebaseAuth */ = {
			isa = XCSwiftPackageProductDependency;
			package = A38232282AE1AE6D003DB59D /* XCRemoteSwiftPackageReference "firebase-ios-sdk" */;
			productName = FirebaseAuth;
		};
		A38232372AE1AE6D003DB59D /* FirebaseAuthCombine-Community */ = {
			isa = XCSwiftPackageProductDependency;
			package = A38232282AE1AE6D003DB59D /* XCRemoteSwiftPackageReference "firebase-ios-sdk" */;
			productName = "FirebaseAuthCombine-Community";
		};
		A38232392AE1AE6D003DB59D /* FirebaseCrashlytics */ = {
			isa = XCSwiftPackageProductDependency;
			package = A38232282AE1AE6D003DB59D /* XCRemoteSwiftPackageReference "firebase-ios-sdk" */;
			productName = FirebaseCrashlytics;
		};
		A382323B2AE1AE6D003DB59D /* FirebaseDatabase */ = {
			isa = XCSwiftPackageProductDependency;
			package = A38232282AE1AE6D003DB59D /* XCRemoteSwiftPackageReference "firebase-ios-sdk" */;
			productName = FirebaseDatabase;
		};
		A382323D2AE1AE6D003DB59D /* FirebaseDatabaseSwift */ = {
			isa = XCSwiftPackageProductDependency;
			package = A38232282AE1AE6D003DB59D /* XCRemoteSwiftPackageReference "firebase-ios-sdk" */;
			productName = FirebaseDatabaseSwift;
		};
		A382323F2AE1AE6D003DB59D /* FirebaseDynamicLinks */ = {
			isa = XCSwiftPackageProductDependency;
			package = A38232282AE1AE6D003DB59D /* XCRemoteSwiftPackageReference "firebase-ios-sdk" */;
			productName = FirebaseDynamicLinks;
		};
		A38232412AE1AE6D003DB59D /* FirebaseFirestore */ = {
			isa = XCSwiftPackageProductDependency;
			package = A38232282AE1AE6D003DB59D /* XCRemoteSwiftPackageReference "firebase-ios-sdk" */;
			productName = FirebaseFirestore;
		};
		A38232432AE1AE6D003DB59D /* FirebaseFirestoreCombine-Community */ = {
			isa = XCSwiftPackageProductDependency;
			package = A38232282AE1AE6D003DB59D /* XCRemoteSwiftPackageReference "firebase-ios-sdk" */;
			productName = "FirebaseFirestoreCombine-Community";
		};
		A38232452AE1AE6D003DB59D /* FirebaseFirestoreSwift */ = {
			isa = XCSwiftPackageProductDependency;
			package = A38232282AE1AE6D003DB59D /* XCRemoteSwiftPackageReference "firebase-ios-sdk" */;
			productName = FirebaseFirestoreSwift;
		};
		A38232472AE1AE6D003DB59D /* FirebaseFunctions */ = {
			isa = XCSwiftPackageProductDependency;
			package = A38232282AE1AE6D003DB59D /* XCRemoteSwiftPackageReference "firebase-ios-sdk" */;
			productName = FirebaseFunctions;
		};
		A38232492AE1AE6D003DB59D /* FirebaseFunctionsCombine-Community */ = {
			isa = XCSwiftPackageProductDependency;
			package = A38232282AE1AE6D003DB59D /* XCRemoteSwiftPackageReference "firebase-ios-sdk" */;
			productName = "FirebaseFunctionsCombine-Community";
		};
		A382324B2AE1AE6D003DB59D /* FirebaseInAppMessaging-Beta */ = {
			isa = XCSwiftPackageProductDependency;
			package = A38232282AE1AE6D003DB59D /* XCRemoteSwiftPackageReference "firebase-ios-sdk" */;
			productName = "FirebaseInAppMessaging-Beta";
		};
		A382324D2AE1AE6D003DB59D /* FirebaseInAppMessagingSwift-Beta */ = {
			isa = XCSwiftPackageProductDependency;
			package = A38232282AE1AE6D003DB59D /* XCRemoteSwiftPackageReference "firebase-ios-sdk" */;
			productName = "FirebaseInAppMessagingSwift-Beta";
		};
		A382324F2AE1AE6D003DB59D /* FirebaseInstallations */ = {
			isa = XCSwiftPackageProductDependency;
			package = A38232282AE1AE6D003DB59D /* XCRemoteSwiftPackageReference "firebase-ios-sdk" */;
			productName = FirebaseInstallations;
		};
		A38232512AE1AE6D003DB59D /* FirebaseMLModelDownloader */ = {
			isa = XCSwiftPackageProductDependency;
			package = A38232282AE1AE6D003DB59D /* XCRemoteSwiftPackageReference "firebase-ios-sdk" */;
			productName = FirebaseMLModelDownloader;
		};
		A38232532AE1AE6D003DB59D /* FirebaseMessaging */ = {
			isa = XCSwiftPackageProductDependency;
			package = A38232282AE1AE6D003DB59D /* XCRemoteSwiftPackageReference "firebase-ios-sdk" */;
			productName = FirebaseMessaging;
		};
		A38232552AE1AE6D003DB59D /* FirebasePerformance */ = {
			isa = XCSwiftPackageProductDependency;
			package = A38232282AE1AE6D003DB59D /* XCRemoteSwiftPackageReference "firebase-ios-sdk" */;
			productName = FirebasePerformance;
		};
		A38232572AE1AE6D003DB59D /* FirebaseRemoteConfig */ = {
			isa = XCSwiftPackageProductDependency;
			package = A38232282AE1AE6D003DB59D /* XCRemoteSwiftPackageReference "firebase-ios-sdk" */;
			productName = FirebaseRemoteConfig;
		};
		A38232592AE1AE6D003DB59D /* FirebaseRemoteConfigSwift */ = {
			isa = XCSwiftPackageProductDependency;
			package = A38232282AE1AE6D003DB59D /* XCRemoteSwiftPackageReference "firebase-ios-sdk" */;
			productName = FirebaseRemoteConfigSwift;
		};
		A382325B2AE1AE6D003DB59D /* FirebaseStorage */ = {
			isa = XCSwiftPackageProductDependency;
			package = A38232282AE1AE6D003DB59D /* XCRemoteSwiftPackageReference "firebase-ios-sdk" */;
			productName = FirebaseStorage;
		};
		A382325D2AE1AE6D003DB59D /* FirebaseStorageCombine-Community */ = {
			isa = XCSwiftPackageProductDependency;
			package = A38232282AE1AE6D003DB59D /* XCRemoteSwiftPackageReference "firebase-ios-sdk" */;
			productName = "FirebaseStorageCombine-Community";
		};
/* End XCSwiftPackageProductDependency section */
	};
	rootObject = A3CE61D02ADF2B9D0039EC83 /* Project object */;
}
